// !$*UTF8*$!
{
	archiveVersion = 1;
	classes = {
	};
	objectVersion = 46;
	objects = {

/* Begin PBXBuildFile section */
		761510801E299F8900CFF825 /* AppDelegate.swift in Sources */ = {isa = PBXBuildFile; fileRef = 7615107F1E299F8900CFF825 /* AppDelegate.swift */; };
		761510821E299F8900CFF825 /* ViewController.swift in Sources */ = {isa = PBXBuildFile; fileRef = 761510811E299F8900CFF825 /* ViewController.swift */; };
		761510851E299F8900CFF825 /* Main.storyboard in Resources */ = {isa = PBXBuildFile; fileRef = 761510831E299F8900CFF825 /* Main.storyboard */; };
		761510871E299F8900CFF825 /* Assets.xcassets in Resources */ = {isa = PBXBuildFile; fileRef = 761510861E299F8900CFF825 /* Assets.xcassets */; };
		7615108A1E299F8900CFF825 /* LaunchScreen.storyboard in Resources */ = {isa = PBXBuildFile; fileRef = 761510881E299F8900CFF825 /* LaunchScreen.storyboard */; };
		765DC7FB1E2C3E8400FF0D4C /* LocationSearchTable.swift in Sources */ = {isa = PBXBuildFile; fileRef = 765DC7FA1E2C3E8400FF0D4C /* LocationSearchTable.swift */; };
		765DC7FD1E2C475300FF0D4C /* LocationButton.swift in Sources */ = {isa = PBXBuildFile; fileRef = 765DC7FC1E2C475300FF0D4C /* LocationButton.swift */; };
		76CD0F451E2C2F77006F958B /* ResultCell.swift in Sources */ = {isa = PBXBuildFile; fileRef = 76CD0F441E2C2F77006F958B /* ResultCell.swift */; };
		76DF082D1E2B5D0500BAF4BF /* SettingsMapView.swift in Sources */ = {isa = PBXBuildFile; fileRef = 76DF082C1E2B5D0500BAF4BF /* SettingsMapView.swift */; };
/* End PBXBuildFile section */

/* Begin PBXFileReference section */
		7615107C1E299F8900CFF825 /* CalculateUber.app */ = {isa = PBXFileReference; explicitFileType = wrapper.application; includeInIndex = 0; path = CalculateUber.app; sourceTree = BUILT_PRODUCTS_DIR; };
		7615107F1E299F8900CFF825 /* AppDelegate.swift */ = {isa = PBXFileReference; lastKnownFileType = sourcecode.swift; path = AppDelegate.swift; sourceTree = "<group>"; };
		761510811E299F8900CFF825 /* ViewController.swift */ = {isa = PBXFileReference; lastKnownFileType = sourcecode.swift; path = ViewController.swift; sourceTree = "<group>"; };
		761510841E299F8900CFF825 /* Base */ = {isa = PBXFileReference; lastKnownFileType = file.storyboard; name = Base; path = Base.lproj/Main.storyboard; sourceTree = "<group>"; };
		761510861E299F8900CFF825 /* Assets.xcassets */ = {isa = PBXFileReference; lastKnownFileType = folder.assetcatalog; path = Assets.xcassets; sourceTree = "<group>"; };
		761510891E299F8900CFF825 /* Base */ = {isa = PBXFileReference; lastKnownFileType = file.storyboard; name = Base; path = Base.lproj/LaunchScreen.storyboard; sourceTree = "<group>"; };
		7615108B1E299F8900CFF825 /* Info.plist */ = {isa = PBXFileReference; lastKnownFileType = text.plist.xml; path = Info.plist; sourceTree = "<group>"; };
		765DC7FA1E2C3E8400FF0D4C /* LocationSearchTable.swift */ = {isa = PBXFileReference; fileEncoding = 4; lastKnownFileType = sourcecode.swift; path = LocationSearchTable.swift; sourceTree = "<group>"; };
		765DC7FC1E2C475300FF0D4C /* LocationButton.swift */ = {isa = PBXFileReference; fileEncoding = 4; lastKnownFileType = sourcecode.swift; path = LocationButton.swift; sourceTree = "<group>"; };
		76CD0F441E2C2F77006F958B /* ResultCell.swift */ = {isa = PBXFileReference; fileEncoding = 4; lastKnownFileType = sourcecode.swift; path = ResultCell.swift; sourceTree = "<group>"; };
		76DF082C1E2B5D0500BAF4BF /* SettingsMapView.swift */ = {isa = PBXFileReference; fileEncoding = 4; lastKnownFileType = sourcecode.swift; path = SettingsMapView.swift; sourceTree = "<group>"; };
/* End PBXFileReference section */

/* Begin PBXFrameworksBuildPhase section */
		761510791E299F8900CFF825 /* Frameworks */ = {
			isa = PBXFrameworksBuildPhase;
			buildActionMask = 2147483647;
			files = (
			);
			runOnlyForDeploymentPostprocessing = 0;
		};
/* End PBXFrameworksBuildPhase section */

/* Begin PBXGroup section */
		761510731E299F8900CFF825 = {
			isa = PBXGroup;
			children = (
				7615107E1E299F8900CFF825 /* CalculateUber */,
				7615107D1E299F8900CFF825 /* Products */,
			);
			sourceTree = "<group>";
		};
		7615107D1E299F8900CFF825 /* Products */ = {
			isa = PBXGroup;
			children = (
				7615107C1E299F8900CFF825 /* CalculateUber.app */,
			);
			name = Products;
			sourceTree = "<group>";
		};
		7615107E1E299F8900CFF825 /* CalculateUber */ = {
			isa = PBXGroup;
			children = (
				7694FE701E2B22E7001B232D /* Essentials */,
				7694FE711E2B22F7001B232D /* Model */,
				7694FE721E2B22FF001B232D /* View */,
				7694FE731E2B2303001B232D /* Controller */,
				769272591E2DCAFF0079AFE1 /* Extensions */,
				761510831E299F8900CFF825 /* Main.storyboard */,
				761510861E299F8900CFF825 /* Assets.xcassets */,
			);
			path = CalculateUber;
			sourceTree = "<group>";
		};
		769272591E2DCAFF0079AFE1 /* Extensions */ = {
			isa = PBXGroup;
			children = (
			);
			name = Extensions;
			sourceTree = "<group>";
		};
		7694FE701E2B22E7001B232D /* Essentials */ = {
			isa = PBXGroup;
			children = (
				7615108B1E299F8900CFF825 /* Info.plist */,
				761510881E299F8900CFF825 /* LaunchScreen.storyboard */,
				7615107F1E299F8900CFF825 /* AppDelegate.swift */,
			);
			name = Essentials;
			sourceTree = "<group>";
		};
		7694FE711E2B22F7001B232D /* Model */ = {
			isa = PBXGroup;
			children = (
			);
			name = Model;
			sourceTree = "<group>";
		};
		7694FE721E2B22FF001B232D /* View */ = {
			isa = PBXGroup;
			children = (
				76DF082C1E2B5D0500BAF4BF /* SettingsMapView.swift */,
				76CD0F441E2C2F77006F958B /* ResultCell.swift */,
				765DC7FA1E2C3E8400FF0D4C /* LocationSearchTable.swift */,
				765DC7FC1E2C475300FF0D4C /* LocationButton.swift */,
			);
			name = View;
			sourceTree = "<group>";
		};
		7694FE731E2B2303001B232D /* Controller */ = {
			isa = PBXGroup;
			children = (
				761510811E299F8900CFF825 /* ViewController.swift */,
			);
			name = Controller;
			sourceTree = "<group>";
		};
/* End PBXGroup section */

/* Begin PBXNativeTarget section */
		7615107B1E299F8900CFF825 /* CalculateUber */ = {
			isa = PBXNativeTarget;
			buildConfigurationList = 7615108E1E299F8900CFF825 /* Build configuration list for PBXNativeTarget "CalculateUber" */;
			buildPhases = (
				761510781E299F8900CFF825 /* Sources */,
				761510791E299F8900CFF825 /* Frameworks */,
				7615107A1E299F8900CFF825 /* Resources */,
			);
			buildRules = (
			);
			dependencies = (
			);
			name = CalculateUber;
			productName = CalculateUber;
			productReference = 7615107C1E299F8900CFF825 /* CalculateUber.app */;
			productType = "com.apple.product-type.application";
		};
/* End PBXNativeTarget section */

/* Begin PBXProject section */
		761510741E299F8900CFF825 /* Project object */ = {
			isa = PBXProject;
			attributes = {
				LastSwiftUpdateCheck = 0820;
				LastUpgradeCheck = 0820;
				ORGANIZATIONNAME = "Vu Dang";
				TargetAttributes = {
					7615107B1E299F8900CFF825 = {
						CreatedOnToolsVersion = 8.2.1;
						DevelopmentTeam = JYPLTFPFXY;
						ProvisioningStyle = Automatic;
					};
				};
			};
			buildConfigurationList = 761510771E299F8900CFF825 /* Build configuration list for PBXProject "CalculateUber" */;
			compatibilityVersion = "Xcode 3.2";
			developmentRegion = English;
			hasScannedForEncodings = 0;
			knownRegions = (
				en,
				Base,
			);
			mainGroup = 761510731E299F8900CFF825;
			productRefGroup = 7615107D1E299F8900CFF825 /* Products */;
			projectDirPath = "";
			projectRoot = "";
			targets = (
				7615107B1E299F8900CFF825 /* CalculateUber */,
			);
		};
/* End PBXProject section */

/* Begin PBXResourcesBuildPhase section */
		7615107A1E299F8900CFF825 /* Resources */ = {
			isa = PBXResourcesBuildPhase;
			buildActionMask = 2147483647;
			files = (
				7615108A1E299F8900CFF825 /* LaunchScreen.storyboard in Resources */,
				761510871E299F8900CFF825 /* Assets.xcassets in Resources */,
				761510851E299F8900CFF825 /* Main.storyboard in Resources */,
			);
			runOnlyForDeploymentPostprocessing = 0;
		};
/* End PBXResourcesBuildPhase section */

/* Begin PBXSourcesBuildPhase section */
		761510781E299F8900CFF825 /* Sources */ = {
			isa = PBXSourcesBuildPhase;
			buildActionMask = 2147483647;
			files = (
				765DC7FD1E2C475300FF0D4C /* LocationButton.swift in Sources */,
				76DF082D1E2B5D0500BAF4BF /* SettingsMapView.swift in Sources */,
				765DC7FB1E2C3E8400FF0D4C /* LocationSearchTable.swift in Sources */,
				761510821E299F8900CFF825 /* ViewController.swift in Sources */,
				76CD0F451E2C2F77006F958B /* ResultCell.swift in Sources */,
				761510801E299F8900CFF825 /* AppDelegate.swift in Sources */,
			);
			runOnlyForDeploymentPostprocessing = 0;
		};
/* End PBXSourcesBuildPhase section */

/* Begin PBXVariantGroup section */
		761510831E299F8900CFF825 /* Main.storyboard */ = {
			isa = PBXVariantGroup;
			children = (
				761510841E299F8900CFF825 /* Base */,
			);
			name = Main.storyboard;
			sourceTree = "<group>";
		};
		761510881E299F8900CFF825 /* LaunchScreen.storyboard */ = {
			isa = PBXVariantGroup;
			children = (
				761510891E299F8900CFF825 /* Base */,
			);
			name = LaunchScreen.storyboard;
			sourceTree = "<group>";
		};
/* End PBXVariantGroup section */

/* Begin XCBuildConfiguration section */
		7615108C1E299F8900CFF825 /* Debug */ = {
			isa = XCBuildConfiguration;
			buildSettings = {
				ALWAYS_SEARCH_USER_PATHS = NO;
				CLANG_ANALYZER_NONNULL = YES;
				CLANG_CXX_LANGUAGE_STANDARD = "gnu++0x";
				CLANG_CXX_LIBRARY = "libc++";
				CLANG_ENABLE_MODULES = YES;
				CLANG_ENABLE_OBJC_ARC = YES;
				CLANG_WARN_BOOL_CONVERSION = YES;
				CLANG_WARN_CONSTANT_CONVERSION = YES;
				CLANG_WARN_DIRECT_OBJC_ISA_USAGE = YES_ERROR;
				CLANG_WARN_DOCUMENTATION_COMMENTS = YES;
				CLANG_WARN_EMPTY_BODY = YES;
				CLANG_WARN_ENUM_CONVERSION = YES;
				CLANG_WARN_INFINITE_RECURSION = YES;
				CLANG_WARN_INT_CONVERSION = YES;
				CLANG_WARN_OBJC_ROOT_CLASS = YES_ERROR;
				CLANG_WARN_SUSPICIOUS_MOVE = YES;
				CLANG_WARN_UNREACHABLE_CODE = YES;
				CLANG_WARN__DUPLICATE_METHOD_MATCH = YES;
				"CODE_SIGN_IDENTITY[sdk=iphoneos*]" = "iPhone Developer";
				COPY_PHASE_STRIP = NO;
				DEBUG_INFORMATION_FORMAT = dwarf;
				ENABLE_STRICT_OBJC_MSGSEND = YES;
				ENABLE_TESTABILITY = YES;
				GCC_C_LANGUAGE_STANDARD = gnu99;
				GCC_DYNAMIC_NO_PIC = NO;
				GCC_NO_COMMON_BLOCKS = YES;
				GCC_OPTIMIZATION_LEVEL = 0;
				GCC_PREPROCESSOR_DEFINITIONS = (
					"DEBUG=1",
					"$(inherited)",
				);
				GCC_WARN_64_TO_32_BIT_CONVERSION = YES;
				GCC_WARN_ABOUT_RETURN_TYPE = YES_ERROR;
				GCC_WARN_UNDECLARED_SELECTOR = YES;
				GCC_WARN_UNINITIALIZED_AUTOS = YES_AGGRESSIVE;
				GCC_WARN_UNUSED_FUNCTION = YES;
				GCC_WARN_UNUSED_VARIABLE = YES;
				IPHONEOS_DEPLOYMENT_TARGET = 10.2;
				MTL_ENABLE_DEBUG_INFO = YES;
				ONLY_ACTIVE_ARCH = YES;
				SDKROOT = iphoneos;
				SWIFT_ACTIVE_COMPILATION_CONDITIONS = DEBUG;
				SWIFT_OPTIMIZATION_LEVEL = "-Onone";
			};
			name = Debug;
		};
		7615108D1E299F8900CFF825 /* Release */ = {
			isa = XCBuildConfiguration;
			buildSettings = {
				ALWAYS_SEARCH_USER_PATHS = NO;
				CLANG_ANALYZER_NONNULL = YES;
				CLANG_CXX_LANGUAGE_STANDARD = "gnu++0x";
				CLANG_CXX_LIBRARY = "libc++";
				CLANG_ENABLE_MODULES = YES;
				CLANG_ENABLE_OBJC_ARC = YES;
				CLANG_WARN_BOOL_CONVERSION = YES;
				CLANG_WARN_CONSTANT_CONVERSION = YES;
				CLANG_WARN_DIRECT_OBJC_ISA_USAGE = YES_ERROR;
				CLANG_WARN_DOCUMENTATION_COMMENTS = YES;
				CLANG_WARN_EMPTY_BODY = YES;
				CLANG_WARN_ENUM_CONVERSION = YES;
				CLANG_WARN_INFINITE_RECURSION = YES;
				CLANG_WARN_INT_CONVERSION = YES;
				CLANG_WARN_OBJC_ROOT_CLASS = YES_ERROR;
				CLANG_WARN_SUSPICIOUS_MOVE = YES;
				CLANG_WARN_UNREACHABLE_CODE = YES;
				CLANG_WARN__DUPLICATE_METHOD_MATCH = YES;
				"CODE_SIGN_IDENTITY[sdk=iphoneos*]" = "iPhone Developer";
				COPY_PHASE_STRIP = NO;
				DEBUG_INFORMATION_FORMAT = "dwarf-with-dsym";
				ENABLE_NS_ASSERTIONS = NO;
				ENABLE_STRICT_OBJC_MSGSEND = YES;
				GCC_C_LANGUAGE_STANDARD = gnu99;
				GCC_NO_COMMON_BLOCKS = YES;
				GCC_WARN_64_TO_32_BIT_CONVERSION = YES;
				GCC_WARN_ABOUT_RETURN_TYPE = YES_ERROR;
				GCC_WARN_UNDECLARED_SELECTOR = YES;
				GCC_WARN_UNINITIALIZED_AUTOS = YES_AGGRESSIVE;
				GCC_WARN_UNUSED_FUNCTION = YES;
				GCC_WARN_UNUSED_VARIABLE = YES;
				IPHONEOS_DEPLOYMENT_TARGET = 10.2;
				MTL_ENABLE_DEBUG_INFO = NO;
				SDKROOT = iphoneos;
				SWIFT_OPTIMIZATION_LEVEL = "-Owholemodule";
				VALIDATE_PRODUCT = YES;
			};
			name = Release;
		};
		7615108F1E299F8900CFF825 /* Debug */ = {
			isa = XCBuildConfiguration;
			buildSettings = {
				ASSETCATALOG_COMPILER_APPICON_NAME = AppIcon;
				DEVELOPMENT_TEAM = JYPLTFPFXY;
				INFOPLIST_FILE = CalculateUber/Info.plist;
				LD_RUNPATH_SEARCH_PATHS = "$(inherited) @executable_path/Frameworks";
				PRODUCT_BUNDLE_IDENTIFIER = com.neomadgic.CalculateUber;
				PRODUCT_NAME = "$(TARGET_NAME)";
				SWIFT_VERSION = 3.0;
			};
			name = Debug;
		};
		761510901E299F8900CFF825 /* Release */ = {
			isa = XCBuildConfiguration;
			buildSettings = {
				ASSETCATALOG_COMPILER_APPICON_NAME = AppIcon;
				DEVELOPMENT_TEAM = JYPLTFPFXY;
				INFOPLIST_FILE = CalculateUber/Info.plist;
				LD_RUNPATH_SEARCH_PATHS = "$(inherited) @executable_path/Frameworks";
				PRODUCT_BUNDLE_IDENTIFIER = com.neomadgic.CalculateUber;
				PRODUCT_NAME = "$(TARGET_NAME)";
				SWIFT_VERSION = 3.0;
			};
			name = Release;
		};
/* End XCBuildConfiguration section */

/* Begin XCConfigurationList section */
		761510771E299F8900CFF825 /* Build configuration list for PBXProject "CalculateUber" */ = {
			isa = XCConfigurationList;
			buildConfigurations = (
				7615108C1E299F8900CFF825 /* Debug */,
				7615108D1E299F8900CFF825 /* Release */,
			);
			defaultConfigurationIsVisible = 0;
			defaultConfigurationName = Release;
		};
		7615108E1E299F8900CFF825 /* Build configuration list for PBXNativeTarget "CalculateUber" */ = {
			isa = XCConfigurationList;
			buildConfigurations = (
				7615108F1E299F8900CFF825 /* Debug */,
				761510901E299F8900CFF825 /* Release */,
			);
			defaultConfigurationIsVisible = 0;
			defaultConfigurationName = Release;
		};
/* End XCConfigurationList section */
	};
	rootObject = 761510741E299F8900CFF825 /* Project object */;
}
